// !$*UTF8*$!
{
	archiveVersion = 1;
	classes = {
	};
	objectVersion = 50;
	objects = {

/* Begin PBXBuildFile section */
		4D36B5EF23AA018400AADD3E /* AppDelegate.m in Sources */ = {isa = PBXBuildFile; fileRef = 4D36B5EE23AA018400AADD3E /* AppDelegate.m */; };
		4D36B5F223AA018400AADD3E /* ViewController.m in Sources */ = {isa = PBXBuildFile; fileRef = 4D36B5F123AA018400AADD3E /* ViewController.m */; };
		4D36B5F423AA018800AADD3E /* Assets.xcassets in Resources */ = {isa = PBXBuildFile; fileRef = 4D36B5F323AA018800AADD3E /* Assets.xcassets */; };
		4D36B5F723AA018800AADD3E /* Main.storyboard in Resources */ = {isa = PBXBuildFile; fileRef = 4D36B5F523AA018800AADD3E /* Main.storyboard */; };
		4D36B5FA23AA018800AADD3E /* main.m in Sources */ = {isa = PBXBuildFile; fileRef = 4D36B5F923AA018800AADD3E /* main.m */; };
		4D36B60B23AA022C00AADD3E /* SensorsAnalyticsSDK.framework in Frameworks */ = {isa = PBXBuildFile; fileRef = 4D36B60A23AA022C00AADD3E /* SensorsAnalyticsSDK.framework */; };
		4D36B60C23AA022C00AADD3E /* SensorsAnalyticsSDK.framework in Embed Frameworks */ = {isa = PBXBuildFile; fileRef = 4D36B60A23AA022C00AADD3E /* SensorsAnalyticsSDK.framework */; settings = {ATTRIBUTES = (CodeSignOnCopy, RemoveHeadersOnCopy, ); }; };
/* End PBXBuildFile section */

/* Begin PBXCopyFilesBuildPhase section */
		4D36B60D23AA022C00AADD3E /* Embed Frameworks */ = {
			isa = PBXCopyFilesBuildPhase;
			buildActionMask = 2147483647;
			dstPath = "";
			dstSubfolderSpec = 10;
			files = (
				4D36B60C23AA022C00AADD3E /* SensorsAnalyticsSDK.framework in Embed Frameworks */,
			);
			name = "Embed Frameworks";
			runOnlyForDeploymentPostprocessing = 0;
		};
/* End PBXCopyFilesBuildPhase section */

/* Begin PBXFileReference section */
		4D36B5EA23AA018400AADD3E /* Example.app */ = {isa = PBXFileReference; explicitFileType = wrapper.application; includeInIndex = 0; path = Example.app; sourceTree = BUILT_PRODUCTS_DIR; };
		4D36B5ED23AA018400AADD3E /* AppDelegate.h */ = {isa = PBXFileReference; lastKnownFileType = sourcecode.c.h; path = AppDelegate.h; sourceTree = "<group>"; };
		4D36B5EE23AA018400AADD3E /* AppDelegate.m */ = {isa = PBXFileReference; lastKnownFileType = sourcecode.c.objc; path = AppDelegate.m; sourceTree = "<group>"; };
		4D36B5F023AA018400AADD3E /* ViewController.h */ = {isa = PBXFileReference; lastKnownFileType = sourcecode.c.h; path = ViewController.h; sourceTree = "<group>"; };
		4D36B5F123AA018400AADD3E /* ViewController.m */ = {isa = PBXFileReference; lastKnownFileType = sourcecode.c.objc; path = ViewController.m; sourceTree = "<group>"; };
		4D36B5F323AA018800AADD3E /* Assets.xcassets */ = {isa = PBXFileReference; lastKnownFileType = folder.assetcatalog; path = Assets.xcassets; sourceTree = "<group>"; };
		4D36B5F623AA018800AADD3E /* Base */ = {isa = PBXFileReference; lastKnownFileType = file.storyboard; name = Base; path = Base.lproj/Main.storyboard; sourceTree = "<group>"; };
		4D36B5F823AA018800AADD3E /* Info.plist */ = {isa = PBXFileReference; lastKnownFileType = text.plist.xml; path = Info.plist; sourceTree = "<group>"; };
		4D36B5F923AA018800AADD3E /* main.m */ = {isa = PBXFileReference; lastKnownFileType = sourcecode.c.objc; path = main.m; sourceTree = "<group>"; };
		4D36B5FB23AA018800AADD3E /* Example.entitlements */ = {isa = PBXFileReference; lastKnownFileType = text.plist.entitlements; path = Example.entitlements; sourceTree = "<group>"; };
		4D36B60A23AA022C00AADD3E /* SensorsAnalyticsSDK.framework */ = {isa = PBXFileReference; explicitFileType = wrapper.framework; path = SensorsAnalyticsSDK.framework; sourceTree = BUILT_PRODUCTS_DIR; };
		4D36B61323AA088C00AADD3E /* libsqlite3.tbd */ = {isa = PBXFileReference; lastKnownFileType = "sourcecode.text-based-dylib-definition"; name = libsqlite3.tbd; path = usr/lib/libsqlite3.tbd; sourceTree = SDKROOT; };
		4D36B61423AA08B600AADD3E /* libz.tbd */ = {isa = PBXFileReference; lastKnownFileType = "sourcecode.text-based-dylib-definition"; name = libz.tbd; path = usr/lib/libz.tbd; sourceTree = SDKROOT; };
/* End PBXFileReference section */

/* Begin PBXFrameworksBuildPhase section */
		4D36B5E723AA018400AADD3E /* Frameworks */ = {
			isa = PBXFrameworksBuildPhase;
			buildActionMask = 2147483647;
			files = (
				4D36B60B23AA022C00AADD3E /* SensorsAnalyticsSDK.framework in Frameworks */,
			);
			runOnlyForDeploymentPostprocessing = 0;
		};
/* End PBXFrameworksBuildPhase section */

/* Begin PBXGroup section */
		4D36B5E123AA018400AADD3E = {
			isa = PBXGroup;
			children = (
				4D36B5EC23AA018400AADD3E /* Example */,
				4D36B5EB23AA018400AADD3E /* Products */,
				4D36B60923AA022C00AADD3E /* Frameworks */,
			);
			sourceTree = "<group>";
		};
		4D36B5EB23AA018400AADD3E /* Products */ = {
			isa = PBXGroup;
			children = (
				4D36B5EA23AA018400AADD3E /* Example.app */,
			);
			name = Products;
			sourceTree = "<group>";
		};
		4D36B5EC23AA018400AADD3E /* Example */ = {
			isa = PBXGroup;
			children = (
				4D36B5ED23AA018400AADD3E /* AppDelegate.h */,
				4D36B5EE23AA018400AADD3E /* AppDelegate.m */,
				4D36B5F023AA018400AADD3E /* ViewController.h */,
				4D36B5F123AA018400AADD3E /* ViewController.m */,
				4D36B5F323AA018800AADD3E /* Assets.xcassets */,
				4D36B5F523AA018800AADD3E /* Main.storyboard */,
				4D36B5F823AA018800AADD3E /* Info.plist */,
				4D36B5F923AA018800AADD3E /* main.m */,
				4D36B5FB23AA018800AADD3E /* Example.entitlements */,
			);
			path = Example;
			sourceTree = "<group>";
		};
		4D36B60923AA022C00AADD3E /* Frameworks */ = {
			isa = PBXGroup;
			children = (
				4D36B61423AA08B600AADD3E /* libz.tbd */,
				4D36B61323AA088C00AADD3E /* libsqlite3.tbd */,
				4D36B60A23AA022C00AADD3E /* SensorsAnalyticsSDK.framework */,
			);
			name = Frameworks;
			sourceTree = "<group>";
		};
/* End PBXGroup section */

/* Begin PBXNativeTarget section */
		4D36B5E923AA018400AADD3E /* Example */ = {
			isa = PBXNativeTarget;
			buildConfigurationList = 4D36B5FE23AA018800AADD3E /* Build configuration list for PBXNativeTarget "Example" */;
			buildPhases = (
				4D36B5E623AA018400AADD3E /* Sources */,
				4D36B5E723AA018400AADD3E /* Frameworks */,
				4D36B5E823AA018400AADD3E /* Resources */,
				4D36B60D23AA022C00AADD3E /* Embed Frameworks */,
			);
			buildRules = (
			);
			dependencies = (
			);
			name = Example;
			productName = Example;
			productReference = 4D36B5EA23AA018400AADD3E /* Example.app */;
			productType = "com.apple.product-type.application";
		};
/* End PBXNativeTarget section */

/* Begin PBXProject section */
		4D36B5E223AA018400AADD3E /* Project object */ = {
			isa = PBXProject;
			attributes = {
				LastUpgradeCheck = 1130;
				ORGANIZATIONNAME = "Sensors Data Inc.";
				TargetAttributes = {
					4D36B5E923AA018400AADD3E = {
						CreatedOnToolsVersion = 11.3;
					};
				};
			};
			buildConfigurationList = 4D36B5E523AA018400AADD3E /* Build configuration list for PBXProject "Example" */;
			compatibilityVersion = "Xcode 9.3";
			developmentRegion = en;
			hasScannedForEncodings = 0;
			knownRegions = (
				en,
				Base,
			);
			mainGroup = 4D36B5E123AA018400AADD3E;
			productRefGroup = 4D36B5EB23AA018400AADD3E /* Products */;
			projectDirPath = "";
			projectRoot = "";
			targets = (
				4D36B5E923AA018400AADD3E /* Example */,
			);
		};
/* End PBXProject section */

/* Begin PBXResourcesBuildPhase section */
		4D36B5E823AA018400AADD3E /* Resources */ = {
			isa = PBXResourcesBuildPhase;
			buildActionMask = 2147483647;
			files = (
				4D36B5F423AA018800AADD3E /* Assets.xcassets in Resources */,
				4D36B5F723AA018800AADD3E /* Main.storyboard in Resources */,
			);
			runOnlyForDeploymentPostprocessing = 0;
		};
/* End PBXResourcesBuildPhase section */

/* Begin PBXSourcesBuildPhase section */
		4D36B5E623AA018400AADD3E /* Sources */ = {
			isa = PBXSourcesBuildPhase;
			buildActionMask = 2147483647;
			files = (
				4D36B5F223AA018400AADD3E /* ViewController.m in Sources */,
				4D36B5FA23AA018800AADD3E /* main.m in Sources */,
				4D36B5EF23AA018400AADD3E /* AppDelegate.m in Sources */,
			);
			runOnlyForDeploymentPostprocessing = 0;
		};
/* End PBXSourcesBuildPhase section */

/* Begin PBXVariantGroup section */
		4D36B5F523AA018800AADD3E /* Main.storyboard */ = {
			isa = PBXVariantGroup;
			children = (
				4D36B5F623AA018800AADD3E /* Base */,
			);
			name = Main.storyboard;
			sourceTree = "<group>";
		};
/* End PBXVariantGroup section */

/* Begin XCBuildConfiguration section */
		4D36B5FC23AA018800AADD3E /* Debug */ = {
			isa = XCBuildConfiguration;
			buildSettings = {
				ALWAYS_SEARCH_USER_PATHS = NO;
				CLANG_ANALYZER_NONNULL = YES;
				CLANG_ANALYZER_NUMBER_OBJECT_CONVERSION = YES_AGGRESSIVE;
				CLANG_CXX_LANGUAGE_STANDARD = "gnu++14";
				CLANG_CXX_LIBRARY = "libc++";
				CLANG_ENABLE_MODULES = YES;
				CLANG_ENABLE_OBJC_ARC = YES;
				CLANG_ENABLE_OBJC_WEAK = YES;
				CLANG_WARN_BLOCK_CAPTURE_AUTORELEASING = YES;
				CLANG_WARN_BOOL_CONVERSION = YES;
				CLANG_WARN_COMMA = YES;
				CLANG_WARN_CONSTANT_CONVERSION = YES;
				CLANG_WARN_DEPRECATED_OBJC_IMPLEMENTATIONS = YES;
				CLANG_WARN_DIRECT_OBJC_ISA_USAGE = YES_ERROR;
				CLANG_WARN_DOCUMENTATION_COMMENTS = YES;
				CLANG_WARN_EMPTY_BODY = YES;
				CLANG_WARN_ENUM_CONVERSION = YES;
				CLANG_WARN_INFINITE_RECURSION = YES;
				CLANG_WARN_INT_CONVERSION = YES;
				CLANG_WARN_NON_LITERAL_NULL_CONVERSION = YES;
				CLANG_WARN_OBJC_IMPLICIT_RETAIN_SELF = YES;
				CLANG_WARN_OBJC_LITERAL_CONVERSION = YES;
				CLANG_WARN_OBJC_ROOT_CLASS = YES_ERROR;
				CLANG_WARN_RANGE_LOOP_ANALYSIS = YES;
				CLANG_WARN_STRICT_PROTOTYPES = YES;
				CLANG_WARN_SUSPICIOUS_MOVE = YES;
				CLANG_WARN_UNGUARDED_AVAILABILITY = YES_AGGRESSIVE;
				CLANG_WARN_UNREACHABLE_CODE = YES;
				CLANG_WARN__DUPLICATE_METHOD_MATCH = YES;
				COPY_PHASE_STRIP = NO;
				DEBUG_INFORMATION_FORMAT = dwarf;
				ENABLE_STRICT_OBJC_MSGSEND = YES;
				ENABLE_TESTABILITY = YES;
				GCC_C_LANGUAGE_STANDARD = gnu11;
				GCC_DYNAMIC_NO_PIC = NO;
				GCC_NO_COMMON_BLOCKS = YES;
				GCC_OPTIMIZATION_LEVEL = 0;
				GCC_PREPROCESSOR_DEFINITIONS = (
					"DEBUG=1",
					"$(inherited)",
				);
				GCC_WARN_64_TO_32_BIT_CONVERSION = YES;
				GCC_WARN_ABOUT_RETURN_TYPE = YES_ERROR;
				GCC_WARN_UNDECLARED_SELECTOR = YES;
				GCC_WARN_UNINITIALIZED_AUTOS = YES_AGGRESSIVE;
				GCC_WARN_UNUSED_FUNCTION = YES;
				GCC_WARN_UNUSED_VARIABLE = YES;
				MACOSX_DEPLOYMENT_TARGET = 10.15;
				MTL_ENABLE_DEBUG_INFO = INCLUDE_SOURCE;
				MTL_FAST_MATH = YES;
				ONLY_ACTIVE_ARCH = YES;
				SDKROOT = macosx;
			};
			name = Debug;
		};
		4D36B5FD23AA018800AADD3E /* Release */ = {
			isa = XCBuildConfiguration;
			buildSettings = {
				ALWAYS_SEARCH_USER_PATHS = NO;
				CLANG_ANALYZER_NONNULL = YES;
				CLANG_ANALYZER_NUMBER_OBJECT_CONVERSION = YES_AGGRESSIVE;
				CLANG_CXX_LANGUAGE_STANDARD = "gnu++14";
				CLANG_CXX_LIBRARY = "libc++";
				CLANG_ENABLE_MODULES = YES;
				CLANG_ENABLE_OBJC_ARC = YES;
				CLANG_ENABLE_OBJC_WEAK = YES;
				CLANG_WARN_BLOCK_CAPTURE_AUTORELEASING = YES;
				CLANG_WARN_BOOL_CONVERSION = YES;
				CLANG_WARN_COMMA = YES;
				CLANG_WARN_CONSTANT_CONVERSION = YES;
				CLANG_WARN_DEPRECATED_OBJC_IMPLEMENTATIONS = YES;
				CLANG_WARN_DIRECT_OBJC_ISA_USAGE = YES_ERROR;
				CLANG_WARN_DOCUMENTATION_COMMENTS = YES;
				CLANG_WARN_EMPTY_BODY = YES;
				CLANG_WARN_ENUM_CONVERSION = YES;
				CLANG_WARN_INFINITE_RECURSION = YES;
				CLANG_WARN_INT_CONVERSION = YES;
				CLANG_WARN_NON_LITERAL_NULL_CONVERSION = YES;
				CLANG_WARN_OBJC_IMPLICIT_RETAIN_SELF = YES;
				CLANG_WARN_OBJC_LITERAL_CONVERSION = YES;
				CLANG_WARN_OBJC_ROOT_CLASS = YES_ERROR;
				CLANG_WARN_RANGE_LOOP_ANALYSIS = YES;
				CLANG_WARN_STRICT_PROTOTYPES = YES;
				CLANG_WARN_SUSPICIOUS_MOVE = YES;
				CLANG_WARN_UNGUARDED_AVAILABILITY = YES_AGGRESSIVE;
				CLANG_WARN_UNREACHABLE_CODE = YES;
				CLANG_WARN__DUPLICATE_METHOD_MATCH = YES;
				COPY_PHASE_STRIP = NO;
				DEBUG_INFORMATION_FORMAT = "dwarf-with-dsym";
				ENABLE_NS_ASSERTIONS = NO;
				ENABLE_STRICT_OBJC_MSGSEND = YES;
				GCC_C_LANGUAGE_STANDARD = gnu11;
				GCC_NO_COMMON_BLOCKS = YES;
				GCC_WARN_64_TO_32_BIT_CONVERSION = YES;
				GCC_WARN_ABOUT_RETURN_TYPE = YES_ERROR;
				GCC_WARN_UNDECLARED_SELECTOR = YES;
				GCC_WARN_UNINITIALIZED_AUTOS = YES_AGGRESSIVE;
				GCC_WARN_UNUSED_FUNCTION = YES;
				GCC_WARN_UNUSED_VARIABLE = YES;
				MACOSX_DEPLOYMENT_TARGET = 10.15;
				MTL_ENABLE_DEBUG_INFO = NO;
				MTL_FAST_MATH = YES;
				SDKROOT = macosx;
			};
			name = Release;
		};
		4D36B5FF23AA018800AADD3E /* Debug */ = {
			isa = XCBuildConfiguration;
			buildSettings = {
				ASSETCATALOG_COMPILER_APPICON_NAME = AppIcon;
				CODE_SIGN_ENTITLEMENTS = Example/Example.entitlements;
				CODE_SIGN_STYLE = Automatic;
				COMBINE_HIDPI_IMAGES = YES;
				CURRENT_PROJECT_VERSION = 1001;
				DEVELOPMENT_ASSET_PATHS = "";
				DEVELOPMENT_TEAM = 75FYWDWHL5;
				ENABLE_HARDENED_RUNTIME = YES;
				INFOPLIST_FILE = Example/Info.plist;
				LD_RUNPATH_SEARCH_PATHS = (
					"$(inherited)",
					"@executable_path/../Frameworks",
				);
				MACOSX_DEPLOYMENT_TARGET = 10.10;
				MARKETING_VERSION = 1.0.0;
				PRODUCT_BUNDLE_IDENTIFIER = cn.sensorsdata.SensorsData;
				PRODUCT_NAME = "$(TARGET_NAME)";
			};
			name = Debug;
		};
		4D36B60023AA018800AADD3E /* Release */ = {
			isa = XCBuildConfiguration;
			buildSettings = {
				ASSETCATALOG_COMPILER_APPICON_NAME = AppIcon;
				CODE_SIGN_ENTITLEMENTS = Example/Example.entitlements;
				CODE_SIGN_STYLE = Automatic;
				COMBINE_HIDPI_IMAGES = YES;
				CURRENT_PROJECT_VERSION = 1001;
				DEVELOPMENT_ASSET_PATHS = "";
				DEVELOPMENT_TEAM = 75FYWDWHL5;
				ENABLE_HARDENED_RUNTIME = YES;
				INFOPLIST_FILE = Example/Info.plist;
				LD_RUNPATH_SEARCH_PATHS = (
					"$(inherited)",
					"@executable_path/../Frameworks",
				);
				MACOSX_DEPLOYMENT_TARGET = 10.10;
				MARKETING_VERSION = 1.0.0;
				PRODUCT_BUNDLE_IDENTIFIER = cn.sensorsdata.SensorsData;
				PRODUCT_NAME = "$(TARGET_NAME)";
			};
			name = Release;
		};
/* End XCBuildConfiguration section */

/* Begin XCConfigurationList section */
		4D36B5E523AA018400AADD3E /* Build configuration list for PBXProject "Example" */ = {
			isa = XCConfigurationList;
			buildConfigurations = (
				4D36B5FC23AA018800AADD3E /* Debug */,
				4D36B5FD23AA018800AADD3E /* Release */,
			);
			defaultConfigurationIsVisible = 0;
			defaultConfigurationName = Release;
		};
		4D36B5FE23AA018800AADD3E /* Build configuration list for PBXNativeTarget "Example" */ = {
			isa = XCConfigurationList;
			buildConfigurations = (
				4D36B5FF23AA018800AADD3E /* Debug */,
				4D36B60023AA018800AADD3E /* Release */,
			);
			defaultConfigurationIsVisible = 0;
			defaultConfigurationName = Release;
		};
/* End XCConfigurationList section */
	};
	rootObject = 4D36B5E223AA018400AADD3E /* Project object */;
}
